{
  "lockfileVersion": 1,
  "configVersion": 0,
  "workspaces": {
    "": {
      "name": "mirascope-monorepo",
      "devDependencies": {
        "husky": "^9.1.7",
        "lint-staged": "^16.1.2",
      },
    },
  },
  "packages": {
    "ansi-escapes": ["ansi-escapes@7.0.0", "", { "dependencies": { "environment": "^1.0.0" } }, "sha512-GdYO7a61mR0fOlAsvC9/rIHf7L96sBc6dEWzeOu+KAea5bZyQRPIpojrVoI4AXGJS/ycu/fBTdLrUkA4ODrvjw=="],

    "ansi-regex": ["ansi-regex@6.1.0", "", {}, "sha512-7HSX4QQb4CspciLpVFwyRe79O3xsIZDDLER21kERQ71oaPodF8jL725AgJMFAYbooIqolJoRLuM81SpeUkpkvA=="],

    "ansi-styles": ["ansi-styles@6.2.1", "", {}, "sha512-bN798gFfQX+viw3R7yrGWRqnrN2oRkEkUjjl4JNn4E8GxxbjtG3FbrEIIY3l8/hrwUwIeCZvi4QuOTP4MErVug=="],

    "braces": ["braces@3.0.3", "", { "dependencies": { "fill-range": "^7.1.1" } }, "sha512-yQbXgO/OSZVD2IsiLlro+7Hf6Q18EJrKSEsdoMzKePKXct3gvD8oLcOQdIzGupr5Fj+EDe8gO/lxc1BzfMpxvA=="],

    "chalk": ["chalk@5.4.1", "", {}, "sha512-zgVZuo2WcZgfUEmsn6eO3kINexW8RAE4maiQ8QNs8CtpPCSyMiYsULR3HQYkm3w8FIA3SberyMJMSldGsW+U3w=="],

    "cli-cursor": ["cli-cursor@5.0.0", "", { "dependencies": { "restore-cursor": "^5.0.0" } }, "sha512-aCj4O5wKyszjMmDT4tZj93kxyydN/K5zPWSCe6/0AV/AA1pqe5ZBIw0a2ZfPQV7lL5/yb5HsUreJ6UFAF1tEQw=="],

    "cli-truncate": ["cli-truncate@4.0.0", "", { "dependencies": { "slice-ansi": "^5.0.0", "string-width": "^7.0.0" } }, "sha512-nPdaFdQ0h/GEigbPClz11D0v/ZJEwxmeVZGeMo3Z5StPtUTkA9o1lD6QwoirYiSDzbcwn2XcjwmCp68W1IS4TA=="],

    "colorette": ["colorette@2.0.20", "", {}, "sha512-IfEDxwoWIjkeXL1eXcDiow4UbKjhLdq6/EuSVR9GMN7KVH3r9gQ83e73hsz1Nd1T3ijd5xv1wcWRYO+D6kCI2w=="],

    "commander": ["commander@14.0.0", "", {}, "sha512-2uM9rYjPvyq39NwLRqaiLtWHyDC1FvryJDa2ATTVims5YAS4PupsEQsDvP14FqhFr0P49CYDugi59xaxJlTXRA=="],

    "debug": ["debug@4.4.1", "", { "dependencies": { "ms": "^2.1.3" } }, "sha512-KcKCqiftBJcZr++7ykoDIEwSa3XWowTfNPo92BYxjXiyYEVrUQh2aLyhxBCwww+heortUFxEJYcRzosstTEBYQ=="],

    "emoji-regex": ["emoji-regex@10.4.0", "", {}, "sha512-EC+0oUMY1Rqm4O6LLrgjtYDvcVYTy7chDnM4Q7030tP4Kwj3u/pR6gP9ygnp2CJMK5Gq+9Q2oqmrFJAz01DXjw=="],

    "environment": ["environment@1.1.0", "", {}, "sha512-xUtoPkMggbz0MPyPiIWr1Kp4aeWJjDZ6SMvURhimjdZgsRuDplF5/s9hcgGhyXMhs+6vpnuoiZ2kFiu3FMnS8Q=="],

    "eventemitter3": ["eventemitter3@5.0.1", "", {}, "sha512-GWkBvjiSZK87ELrYOSESUYeVIc9mvLLf/nXalMOS5dYrgZq9o5OVkbZAVM06CVxYsCwH9BDZFPlQTlPA1j4ahA=="],

    "fill-range": ["fill-range@7.1.1", "", { "dependencies": { "to-regex-range": "^5.0.1" } }, "sha512-YsGpe3WHLK8ZYi4tWDg2Jy3ebRz2rXowDxnld4bkQB00cc/1Zw9AWnC0i9ztDJitivtQvaI9KaLyKrc+hBW0yg=="],

    "get-east-asian-width": ["get-east-asian-width@1.3.0", "", {}, "sha512-vpeMIQKxczTD/0s2CdEWHcb0eeJe6TFjxb+J5xgX7hScxqrGuyjmv4c1D4A/gelKfyox0gJJwIHF+fLjeaM8kQ=="],

    "husky": ["husky@9.1.7", "", { "bin": { "husky": "bin.js" } }, "sha512-5gs5ytaNjBrh5Ow3zrvdUUY+0VxIuWVL4i9irt6friV+BqdCfmV11CQTWMiBYWHbXhco+J1kHfTOUkePhCDvMA=="],

    "is-fullwidth-code-point": ["is-fullwidth-code-point@4.0.0", "", {}, "sha512-O4L094N2/dZ7xqVdrXhh9r1KODPJpFms8B5sGdJLPy664AgvXsreZUyCQQNItZRDlYug4xStLjNp/sz3HvBowQ=="],

    "is-number": ["is-number@7.0.0", "", {}, "sha512-41Cifkg6e8TylSpdtTpeLVMqvSBEVzTttHvERD741+pnZ8ANv0004MRL43QKPDlK9cGvNp6NZWZUBlbGXYxxng=="],

    "lilconfig": ["lilconfig@3.1.3", "", {}, "sha512-/vlFKAoH5Cgt3Ie+JLhRbwOsCQePABiU3tJ1egGvyQ+33R/vcwM2Zl2QR/LzjsBeItPt3oSVXapn+m4nQDvpzw=="],

    "lint-staged": ["lint-staged@16.1.2", "", { "dependencies": { "chalk": "^5.4.1", "commander": "^14.0.0", "debug": "^4.4.1", "lilconfig": "^3.1.3", "listr2": "^8.3.3", "micromatch": "^4.0.8", "nano-spawn": "^1.0.2", "pidtree": "^0.6.0", "string-argv": "^0.3.2", "yaml": "^2.8.0" }, "bin": { "lint-staged": "bin/lint-staged.js" } }, "sha512-sQKw2Si2g9KUZNY3XNvRuDq4UJqpHwF0/FQzZR2M7I5MvtpWvibikCjUVJzZdGE0ByurEl3KQNvsGetd1ty1/Q=="],

    "listr2": ["listr2@8.3.3", "", { "dependencies": { "cli-truncate": "^4.0.0", "colorette": "^2.0.20", "eventemitter3": "^5.0.1", "log-update": "^6.1.0", "rfdc": "^1.4.1", "wrap-ansi": "^9.0.0" } }, "sha512-LWzX2KsqcB1wqQ4AHgYb4RsDXauQiqhjLk+6hjbaeHG4zpjjVAB6wC/gz6X0l+Du1cN3pUB5ZlrvTbhGSNnUQQ=="],

    "log-update": ["log-update@6.1.0", "", { "dependencies": { "ansi-escapes": "^7.0.0", "cli-cursor": "^5.0.0", "slice-ansi": "^7.1.0", "strip-ansi": "^7.1.0", "wrap-ansi": "^9.0.0" } }, "sha512-9ie8ItPR6tjY5uYJh8K/Zrv/RMZ5VOlOWvtZdEHYSTFKZfIBPQa9tOAEeAWhd+AnIneLJ22w5fjOYtoutpWq5w=="],

    "micromatch": ["micromatch@4.0.8", "", { "dependencies": { "braces": "^3.0.3", "picomatch": "^2.3.1" } }, "sha512-PXwfBhYu0hBCPw8Dn0E+WDYb7af3dSLVWKi3HGv84IdF4TyFoC0ysxFd0Goxw7nSv4T/PzEJQxsYsEiFCKo2BA=="],

    "mimic-function": ["mimic-function@5.0.1", "", {}, "sha512-VP79XUPxV2CigYP3jWwAUFSku2aKqBH7uTAapFWCBqutsbmDo96KY5o8uh6U+/YSIn5OxJnXp73beVkpqMIGhA=="],

    "ms": ["ms@2.1.3", "", {}, "sha512-6FlzubTLZG3J2a/NVCAleEhjzq5oxgHyaCU9yYXvcLsvoVaHJq/s5xXI6/XXP6tz7R9xAOtHnSO/tXtF3WRTlA=="],

    "nano-spawn": ["nano-spawn@1.0.2", "", {}, "sha512-21t+ozMQDAL/UGgQVBbZ/xXvNO10++ZPuTmKRO8k9V3AClVRht49ahtDjfY8l1q6nSHOrE5ASfthzH3ol6R/hg=="],

    "onetime": ["onetime@7.0.0", "", { "dependencies": { "mimic-function": "^5.0.0" } }, "sha512-VXJjc87FScF88uafS3JllDgvAm+c/Slfz06lorj2uAY34rlUu0Nt+v8wreiImcrgAjjIHp1rXpTDlLOGw29WwQ=="],

    "picomatch": ["picomatch@2.3.1", "", {}, "sha512-JU3teHTNjmE2VCGFzuY8EXzCDVwEqB2a8fsIvwaStHhAWJEeVd1o1QD80CU6+ZdEXXSLbSsuLwJjkCBWqRQUVA=="],

    "pidtree": ["pidtree@0.6.0", "", { "bin": { "pidtree": "bin/pidtree.js" } }, "sha512-eG2dWTVw5bzqGRztnHExczNxt5VGsE6OwTeCG3fdUf9KBsZzO3R5OIIIzWR+iZA0NtZ+RDVdaoE2dK1cn6jH4g=="],

    "restore-cursor": ["restore-cursor@5.1.0", "", { "dependencies": { "onetime": "^7.0.0", "signal-exit": "^4.1.0" } }, "sha512-oMA2dcrw6u0YfxJQXm342bFKX/E4sG9rbTzO9ptUcR/e8A33cHuvStiYOwH7fszkZlZ1z/ta9AAoPk2F4qIOHA=="],

    "rfdc": ["rfdc@1.4.1", "", {}, "sha512-q1b3N5QkRUWUl7iyylaaj3kOpIT0N2i9MqIEQXP73GVsN9cw3fdx8X63cEmWhJGi2PPCF23Ijp7ktmd39rawIA=="],

    "signal-exit": ["signal-exit@4.1.0", "", {}, "sha512-bzyZ1e88w9O1iNJbKnOlvYTrWPDl46O1bG0D3XInv+9tkPrxrN8jUUTiFlDkkmKWgn1M6CfIA13SuGqOa9Korw=="],

    "slice-ansi": ["slice-ansi@5.0.0", "", { "dependencies": { "ansi-styles": "^6.0.0", "is-fullwidth-code-point": "^4.0.0" } }, "sha512-FC+lgizVPfie0kkhqUScwRu1O/lF6NOgJmlCgK+/LYxDCTk8sGelYaHDhFcDN+Sn3Cv+3VSa4Byeo+IMCzpMgQ=="],

    "string-argv": ["string-argv@0.3.2", "", {}, "sha512-aqD2Q0144Z+/RqG52NeHEkZauTAUWJO8c6yTftGJKO3Tja5tUgIfmIl6kExvhtxSDP7fXB6DvzkfMpCd/F3G+Q=="],

    "string-width": ["string-width@7.2.0", "", { "dependencies": { "emoji-regex": "^10.3.0", "get-east-asian-width": "^1.0.0", "strip-ansi": "^7.1.0" } }, "sha512-tsaTIkKW9b4N+AEj+SVA+WhJzV7/zMhcSu78mLKWSk7cXMOSHsBKFWUs0fWwq8QyK3MgJBQRX6Gbi4kYbdvGkQ=="],

    "strip-ansi": ["strip-ansi@7.1.0", "", { "dependencies": { "ansi-regex": "^6.0.1" } }, "sha512-iq6eVVI64nQQTRYq2KtEg2d2uU7LElhTJwsH4YzIHZshxlgZms/wIc4VoDQTlG/IvVIrBKG06CrZnp0qv7hkcQ=="],

    "to-regex-range": ["to-regex-range@5.0.1", "", { "dependencies": { "is-number": "^7.0.0" } }, "sha512-65P7iz6X5yEr1cwcgvQxbbIw7Uk3gOy5dIdtZ4rDveLqhrdJP+Li/Hx6tyK0NEb+2GCyneCMJiGqrADCSNk8sQ=="],

    "wrap-ansi": ["wrap-ansi@9.0.0", "", { "dependencies": { "ansi-styles": "^6.2.1", "string-width": "^7.0.0", "strip-ansi": "^7.1.0" } }, "sha512-G8ura3S+3Z2G+mkgNRq8dqaFZAuxfsxpBB8OCTGRTCtp+l/v9nbFNmCUP1BZMts3G1142MsZfn6eeUKrr4PD1Q=="],

    "yaml": ["yaml@2.8.0", "", { "bin": { "yaml": "bin.mjs" } }, "sha512-4lLa/EcQCB0cJkyts+FpIRx5G/llPxfP6VQU5KByHEhLxY3IJCH0f0Hy1MHI8sClTvsIb8qwRJ6R/ZdlDJ/leQ=="],

    "log-update/slice-ansi": ["slice-ansi@7.1.0", "", { "dependencies": { "ansi-styles": "^6.2.1", "is-fullwidth-code-point": "^5.0.0" } }, "sha512-bSiSngZ/jWeX93BqeIAbImyTbEihizcwNjFoRUIY/T1wWQsfsm2Vw1agPKylXvQTU7iASGdHhyqRlqQzfz+Htg=="],

    "log-update/slice-ansi/is-fullwidth-code-point": ["is-fullwidth-code-point@5.0.0", "", { "dependencies": { "get-east-asian-width": "^1.0.0" } }, "sha512-OVa3u9kkBbw7b8Xw5F9P+D/T9X+Z4+JruYVNapTjPYZYUznQ5YfWeFkOj606XYYW8yugTfC8Pj0hYqvi4ryAhA=="],
  }
}
